// !$*UTF8*$!
{
	archiveVersion = 1;
	classes = {
	};
	objectVersion = 56;
	objects = {

/* Begin PBXBuildFile section */
		032BBB1E2B9FF671003D2FA8 /* WindowController.swift in Sources */ = {isa = PBXBuildFile; fileRef = 032BBB1D2B9FF671003D2FA8 /* WindowController.swift */; };
		033D450A2BB37FCA001AEBAA /* SeekSliderView.swift in Sources */ = {isa = PBXBuildFile; fileRef = 033D45092BB37FCA001AEBAA /* SeekSliderView.swift */; };
		03407ADD2BA90F1100FB4323 /* WindowCommands.swift in Sources */ = {isa = PBXBuildFile; fileRef = 03407ADC2BA90F1100FB4323 /* WindowCommands.swift */; };
		0355CA552BA790E5001AF5EA /* Localizable.xcstrings in Resources */ = {isa = PBXBuildFile; fileRef = 0355CA542BA790E5001AF5EA /* Localizable.xcstrings */; };
		03B2590E2BB242620071FF7C /* PlayerView.swift in Sources */ = {isa = PBXBuildFile; fileRef = 03B2590D2BB242620071FF7C /* PlayerView.swift */; };
		03B259102BB249310071FF7C /* PlayerControlsView.swift in Sources */ = {isa = PBXBuildFile; fileRef = 03B2590F2BB249310071FF7C /* PlayerControlsView.swift */; };
		03B712272B96C40C00C1F753 /* AVKit.framework in Frameworks */ = {isa = PBXBuildFile; fileRef = 03B712262B96C40C00C1F753 /* AVKit.framework */; };
		03D77E952B9AA13700276A45 /* HelpCommands.swift in Sources */ = {isa = PBXBuildFile; fileRef = 03D77E942B9AA13700276A45 /* HelpCommands.swift */; };
		03E78C582BA7D2D40063BF06 /* OpenURLView.swift in Sources */ = {isa = PBXBuildFile; fileRef = 03E78C572BA7D2D40063BF06 /* OpenURLView.swift */; };
		03E8F3DD2B9F7B350008CE49 /* AppCommands.swift in Sources */ = {isa = PBXBuildFile; fileRef = 03E8F3DC2B9F7B350008CE49 /* AppCommands.swift */; };
		03EA68512B9630CF003348BE /* FrontRowApp.swift in Sources */ = {isa = PBXBuildFile; fileRef = 03EA68502B9630CF003348BE /* FrontRowApp.swift */; };
		03EA68532B9630CF003348BE /* ContentView.swift in Sources */ = {isa = PBXBuildFile; fileRef = 03EA68522B9630CF003348BE /* ContentView.swift */; };
		03EA68552B9630D0003348BE /* Assets.xcassets in Resources */ = {isa = PBXBuildFile; fileRef = 03EA68542B9630D0003348BE /* Assets.xcassets */; };
		03EA68582B9630D0003348BE /* Preview Assets.xcassets in Resources */ = {isa = PBXBuildFile; fileRef = 03EA68572B9630D0003348BE /* Preview Assets.xcassets */; };
		03EA68612B96523B003348BE /* FileCommands.swift in Sources */ = {isa = PBXBuildFile; fileRef = 03EA68602B96523B003348BE /* FileCommands.swift */; };
		03EA68642B965322003348BE /* PlaybackCommands.swift in Sources */ = {isa = PBXBuildFile; fileRef = 03EA68632B965322003348BE /* PlaybackCommands.swift */; };
		03EA68672B9654A0003348BE /* PlayEngine.swift in Sources */ = {isa = PBXBuildFile; fileRef = 03EA68662B9654A0003348BE /* PlayEngine.swift */; };
		03EA686E2B968D92003348BE /* Extensions.swift in Sources */ = {isa = PBXBuildFile; fileRef = 03EA686D2B968D92003348BE /* Extensions.swift */; };
		03EA68702B96BAD1003348BE /* ViewCommands.swift in Sources */ = {isa = PBXBuildFile; fileRef = 03EA686F2B96BAD1003348BE /* ViewCommands.swift */; };
		03EE7B0C2BA9F396009F68C5 /* GoToTimeView.swift in Sources */ = {isa = PBXBuildFile; fileRef = 03EE7B0B2BA9F396009F68C5 /* GoToTimeView.swift */; };
		03EE7B0E2BAA5176009F68C5 /* PresentedViewManager.swift in Sources */ = {isa = PBXBuildFile; fileRef = 03EE7B0D2BAA5176009F68C5 /* PresentedViewManager.swift */; };
/* End PBXBuildFile section */

/* Begin PBXFileReference section */
		032BBB1D2B9FF671003D2FA8 /* WindowController.swift */ = {isa = PBXFileReference; lastKnownFileType = sourcecode.swift; path = WindowController.swift; sourceTree = "<group>"; };
		033D45092BB37FCA001AEBAA /* SeekSliderView.swift */ = {isa = PBXFileReference; lastKnownFileType = sourcecode.swift; path = SeekSliderView.swift; sourceTree = "<group>"; };
		03407ADC2BA90F1100FB4323 /* WindowCommands.swift */ = {isa = PBXFileReference; lastKnownFileType = sourcecode.swift; path = WindowCommands.swift; sourceTree = "<group>"; };
		0355CA542BA790E5001AF5EA /* Localizable.xcstrings */ = {isa = PBXFileReference; lastKnownFileType = text.json.xcstrings; path = Localizable.xcstrings; sourceTree = "<group>"; };
		03B2590D2BB242620071FF7C /* PlayerView.swift */ = {isa = PBXFileReference; lastKnownFileType = sourcecode.swift; path = PlayerView.swift; sourceTree = "<group>"; };
		03B2590F2BB249310071FF7C /* PlayerControlsView.swift */ = {isa = PBXFileReference; lastKnownFileType = sourcecode.swift; path = PlayerControlsView.swift; sourceTree = "<group>"; };
		03B712262B96C40C00C1F753 /* AVKit.framework */ = {isa = PBXFileReference; lastKnownFileType = wrapper.framework; name = AVKit.framework; path = System/Library/Frameworks/AVKit.framework; sourceTree = SDKROOT; };
		03BACB2D2B96C8A800D24F07 /* FrontRowInfo.plist */ = {isa = PBXFileReference; lastKnownFileType = text.plist.xml; path = FrontRowInfo.plist; sourceTree = SOURCE_ROOT; };
		03D77E942B9AA13700276A45 /* HelpCommands.swift */ = {isa = PBXFileReference; lastKnownFileType = sourcecode.swift; path = HelpCommands.swift; sourceTree = "<group>"; };
		03E78C572BA7D2D40063BF06 /* OpenURLView.swift */ = {isa = PBXFileReference; lastKnownFileType = sourcecode.swift; path = OpenURLView.swift; sourceTree = "<group>"; };
		03E8F3DC2B9F7B350008CE49 /* AppCommands.swift */ = {isa = PBXFileReference; lastKnownFileType = sourcecode.swift; path = AppCommands.swift; sourceTree = "<group>"; };
		03EA684D2B9630CF003348BE /* Front Row.app */ = {isa = PBXFileReference; explicitFileType = wrapper.application; includeInIndex = 0; path = "Front Row.app"; sourceTree = BUILT_PRODUCTS_DIR; };
		03EA68502B9630CF003348BE /* FrontRowApp.swift */ = {isa = PBXFileReference; lastKnownFileType = sourcecode.swift; path = FrontRowApp.swift; sourceTree = "<group>"; };
		03EA68522B9630CF003348BE /* ContentView.swift */ = {isa = PBXFileReference; lastKnownFileType = sourcecode.swift; path = ContentView.swift; sourceTree = "<group>"; };
		03EA68542B9630D0003348BE /* Assets.xcassets */ = {isa = PBXFileReference; lastKnownFileType = folder.assetcatalog; path = Assets.xcassets; sourceTree = "<group>"; };
		03EA68572B9630D0003348BE /* Preview Assets.xcassets */ = {isa = PBXFileReference; lastKnownFileType = folder.assetcatalog; path = "Preview Assets.xcassets"; sourceTree = "<group>"; };
		03EA68592B9630D0003348BE /* FrontRow.entitlements */ = {isa = PBXFileReference; lastKnownFileType = text.plist.entitlements; path = FrontRow.entitlements; sourceTree = "<group>"; };
		03EA68602B96523B003348BE /* FileCommands.swift */ = {isa = PBXFileReference; lastKnownFileType = sourcecode.swift; path = FileCommands.swift; sourceTree = "<group>"; };
		03EA68632B965322003348BE /* PlaybackCommands.swift */ = {isa = PBXFileReference; lastKnownFileType = sourcecode.swift; path = PlaybackCommands.swift; sourceTree = "<group>"; };
		03EA68662B9654A0003348BE /* PlayEngine.swift */ = {isa = PBXFileReference; lastKnownFileType = sourcecode.swift; path = PlayEngine.swift; sourceTree = "<group>"; };
		03EA686D2B968D92003348BE /* Extensions.swift */ = {isa = PBXFileReference; lastKnownFileType = sourcecode.swift; path = Extensions.swift; sourceTree = "<group>"; };
		03EA686F2B96BAD1003348BE /* ViewCommands.swift */ = {isa = PBXFileReference; lastKnownFileType = sourcecode.swift; path = ViewCommands.swift; sourceTree = "<group>"; };
		03EE7B0B2BA9F396009F68C5 /* GoToTimeView.swift */ = {isa = PBXFileReference; lastKnownFileType = sourcecode.swift; path = GoToTimeView.swift; sourceTree = "<group>"; };
		03EE7B0D2BAA5176009F68C5 /* PresentedViewManager.swift */ = {isa = PBXFileReference; lastKnownFileType = sourcecode.swift; path = PresentedViewManager.swift; sourceTree = "<group>"; };
/* End PBXFileReference section */

/* Begin PBXFrameworksBuildPhase section */
		03EA684A2B9630CF003348BE /* Frameworks */ = {
			isa = PBXFrameworksBuildPhase;
			buildActionMask = 2147483647;
			files = (
				03B712272B96C40C00C1F753 /* AVKit.framework in Frameworks */,
			);
			runOnlyForDeploymentPostprocessing = 0;
		};
/* End PBXFrameworksBuildPhase section */

/* Begin PBXGroup section */
		03B712252B96C40C00C1F753 /* Frameworks */ = {
			isa = PBXGroup;
			children = (
				03B712262B96C40C00C1F753 /* AVKit.framework */,
			);
			name = Frameworks;
			sourceTree = "<group>";
		};
		03EA68442B9630CF003348BE = {
			isa = PBXGroup;
			children = (
				03B712252B96C40C00C1F753 /* Frameworks */,
				03EA684F2B9630CF003348BE /* Front Row */,
				03EA684E2B9630CF003348BE /* Products */,
			);
			sourceTree = "<group>";
		};
		03EA684E2B9630CF003348BE /* Products */ = {
			isa = PBXGroup;
			children = (
				03EA684D2B9630CF003348BE /* Front Row.app */,
			);
			name = Products;
			sourceTree = "<group>";
		};
		03EA684F2B9630CF003348BE /* Front Row */ = {
			isa = PBXGroup;
			children = (
				03EA68592B9630D0003348BE /* FrontRow.entitlements */,
				03BACB2D2B96C8A800D24F07 /* FrontRowInfo.plist */,
				03EA68502B9630CF003348BE /* FrontRowApp.swift */,
				03EA68542B9630D0003348BE /* Assets.xcassets */,
				0355CA542BA790E5001AF5EA /* Localizable.xcstrings */,
				03EA685F2B965224003348BE /* Main Menu */,
				03EA68562B9630D0003348BE /* Preview Content */,
				03EA686C2B968D86003348BE /* Support */,
				03EA68652B965424003348BE /* Views */,
			);
			path = "Front Row";
			sourceTree = "<group>";
		};
		03EA68562B9630D0003348BE /* Preview Content */ = {
			isa = PBXGroup;
			children = (
				03EA68572B9630D0003348BE /* Preview Assets.xcassets */,
			);
			path = "Preview Content";
			sourceTree = "<group>";
		};
		03EA685F2B965224003348BE /* Main Menu */ = {
			isa = PBXGroup;
			children = (
				03E8F3DC2B9F7B350008CE49 /* AppCommands.swift */,
				03EA68602B96523B003348BE /* FileCommands.swift */,
				03EA686F2B96BAD1003348BE /* ViewCommands.swift */,
				03EA68632B965322003348BE /* PlaybackCommands.swift */,
				03407ADC2BA90F1100FB4323 /* WindowCommands.swift */,
				03D77E942B9AA13700276A45 /* HelpCommands.swift */,
			);
			path = "Main Menu";
			sourceTree = "<group>";
		};
		03EA68652B965424003348BE /* Views */ = {
			isa = PBXGroup;
			children = (
				03EA68522B9630CF003348BE /* ContentView.swift */,
				03EE7B0B2BA9F396009F68C5 /* GoToTimeView.swift */,
				03E78C572BA7D2D40063BF06 /* OpenURLView.swift */,
				03B2590F2BB249310071FF7C /* PlayerControlsView.swift */,
				03B2590D2BB242620071FF7C /* PlayerView.swift */,
				033D45092BB37FCA001AEBAA /* SeekSliderView.swift */,
			);
			path = Views;
			sourceTree = "<group>";
		};
		03EA686C2B968D86003348BE /* Support */ = {
			isa = PBXGroup;
			children = (
				03EA686D2B968D92003348BE /* Extensions.swift */,
				03EA68662B9654A0003348BE /* PlayEngine.swift */,
				03EE7B0D2BAA5176009F68C5 /* PresentedViewManager.swift */,
				032BBB1D2B9FF671003D2FA8 /* WindowController.swift */,
			);
			path = Support;
			sourceTree = "<group>";
		};
/* End PBXGroup section */

/* Begin PBXNativeTarget section */
		03EA684C2B9630CF003348BE /* Front Row */ = {
			isa = PBXNativeTarget;
			buildConfigurationList = 03EA685C2B9630D0003348BE /* Build configuration list for PBXNativeTarget "Front Row" */;
			buildPhases = (
				0328BCEA2BA12090004B5AE0 /* ShellScript */,
				03EA68492B9630CF003348BE /* Sources */,
				03EA684A2B9630CF003348BE /* Frameworks */,
				03EA684B2B9630CF003348BE /* Resources */,
			);
			buildRules = (
			);
			dependencies = (
			);
			name = "Front Row";
			packageProductDependencies = (
			);
			productName = "Front Row";
			productReference = 03EA684D2B9630CF003348BE /* Front Row.app */;
			productType = "com.apple.product-type.application";
		};
/* End PBXNativeTarget section */

/* Begin PBXProject section */
		03EA68452B9630CF003348BE /* Project object */ = {
			isa = PBXProject;
			attributes = {
				BuildIndependentTargetsInParallel = 1;
				LastSwiftUpdateCheck = 1520;
				LastUpgradeCheck = 1530;
				TargetAttributes = {
					03EA684C2B9630CF003348BE = {
						CreatedOnToolsVersion = 15.2;
					};
				};
			};
			buildConfigurationList = 03EA68482B9630CF003348BE /* Build configuration list for PBXProject "Front Row" */;
			compatibilityVersion = "Xcode 14.0";
			developmentRegion = en;
			hasScannedForEncodings = 0;
			knownRegions = (
				en,
				Base,
				ar,
				"zh-Hans",
				"zh-Hant",
				cs,
				da,
				nl,
				fi,
				fr,
				de,
				el,
				he,
				hu,
				it,
				ja,
				ko,
				pl,
				ro,
				ru,
				es,
				sv,
				tr,
				uk,
				vi,
			);
			mainGroup = 03EA68442B9630CF003348BE;
			packageReferences = (
			);
			productRefGroup = 03EA684E2B9630CF003348BE /* Products */;
			projectDirPath = "";
			projectRoot = "";
			targets = (
				03EA684C2B9630CF003348BE /* Front Row */,
			);
		};
/* End PBXProject section */

/* Begin PBXResourcesBuildPhase section */
		03EA684B2B9630CF003348BE /* Resources */ = {
			isa = PBXResourcesBuildPhase;
			buildActionMask = 2147483647;
			files = (
				03EA68582B9630D0003348BE /* Preview Assets.xcassets in Resources */,
				03EA68552B9630D0003348BE /* Assets.xcassets in Resources */,
				0355CA552BA790E5001AF5EA /* Localizable.xcstrings in Resources */,
			);
			runOnlyForDeploymentPostprocessing = 0;
		};
/* End PBXResourcesBuildPhase section */

/* Begin PBXShellScriptBuildPhase section */
		0328BCEA2BA12090004B5AE0 /* ShellScript */ = {
			isa = PBXShellScriptBuildPhase;
			alwaysOutOfDate = 1;
			buildActionMask = 2147483647;
			files = (
			);
			inputFileListPaths = (
			);
			inputPaths = (
			);
			outputFileListPaths = (
			);
			outputPaths = (
			);
			runOnlyForDeploymentPostprocessing = 0;
			shellPath = /bin/sh;
			shellScript = "export PATH=\"$PATH:/opt/homebrew/bin\"\nif which swift-format > /dev/null; then\n  swift-format lint -s -p -r ./\nelse\n  echo \"warning: swift-format not installed, download from https://github.com/apple/swift-format\"\nfi\n";
		};
/* End PBXShellScriptBuildPhase section */

/* Begin PBXSourcesBuildPhase section */
		03EA68492B9630CF003348BE /* Sources */ = {
			isa = PBXSourcesBuildPhase;
			buildActionMask = 2147483647;
			files = (
				03E78C582BA7D2D40063BF06 /* OpenURLView.swift in Sources */,
				033D450A2BB37FCA001AEBAA /* SeekSliderView.swift in Sources */,
				03B259102BB249310071FF7C /* PlayerControlsView.swift in Sources */,
				03407ADD2BA90F1100FB4323 /* WindowCommands.swift in Sources */,
				03EA68532B9630CF003348BE /* ContentView.swift in Sources */,
				03B2590E2BB242620071FF7C /* PlayerView.swift in Sources */,
				03EA68612B96523B003348BE /* FileCommands.swift in Sources */,
				03E8F3DD2B9F7B350008CE49 /* AppCommands.swift in Sources */,
				03EA68702B96BAD1003348BE /* ViewCommands.swift in Sources */,
				03EE7B0E2BAA5176009F68C5 /* PresentedViewManager.swift in Sources */,
				03EE7B0C2BA9F396009F68C5 /* GoToTimeView.swift in Sources */,
				03D77E952B9AA13700276A45 /* HelpCommands.swift in Sources */,
				03EA68672B9654A0003348BE /* PlayEngine.swift in Sources */,
				03EA68642B965322003348BE /* PlaybackCommands.swift in Sources */,
				03EA68512B9630CF003348BE /* FrontRowApp.swift in Sources */,
				03EA686E2B968D92003348BE /* Extensions.swift in Sources */,
				032BBB1E2B9FF671003D2FA8 /* WindowController.swift in Sources */,
			);
			runOnlyForDeploymentPostprocessing = 0;
		};
/* End PBXSourcesBuildPhase section */

/* Begin XCBuildConfiguration section */
		03EA685A2B9630D0003348BE /* Debug */ = {
			isa = XCBuildConfiguration;
			buildSettings = {
				ALWAYS_SEARCH_USER_PATHS = NO;
				ARCHS = arm64;
				ASSETCATALOG_COMPILER_GENERATE_SWIFT_ASSET_SYMBOL_EXTENSIONS = YES;
				CLANG_ANALYZER_NONNULL = YES;
				CLANG_ANALYZER_NUMBER_OBJECT_CONVERSION = YES_AGGRESSIVE;
				CLANG_CXX_LANGUAGE_STANDARD = "gnu++20";
				CLANG_ENABLE_MODULES = YES;
				CLANG_ENABLE_OBJC_ARC = YES;
				CLANG_ENABLE_OBJC_WEAK = YES;
				CLANG_WARN_BLOCK_CAPTURE_AUTORELEASING = YES;
				CLANG_WARN_BOOL_CONVERSION = YES;
				CLANG_WARN_COMMA = YES;
				CLANG_WARN_CONSTANT_CONVERSION = YES;
				CLANG_WARN_DEPRECATED_OBJC_IMPLEMENTATIONS = YES;
				CLANG_WARN_DIRECT_OBJC_ISA_USAGE = YES_ERROR;
				CLANG_WARN_DOCUMENTATION_COMMENTS = YES;
				CLANG_WARN_EMPTY_BODY = YES;
				CLANG_WARN_ENUM_CONVERSION = YES;
				CLANG_WARN_INFINITE_RECURSION = YES;
				CLANG_WARN_INT_CONVERSION = YES;
				CLANG_WARN_NON_LITERAL_NULL_CONVERSION = YES;
				CLANG_WARN_OBJC_IMPLICIT_RETAIN_SELF = YES;
				CLANG_WARN_OBJC_LITERAL_CONVERSION = YES;
				CLANG_WARN_OBJC_ROOT_CLASS = YES_ERROR;
				CLANG_WARN_QUOTED_INCLUDE_IN_FRAMEWORK_HEADER = YES;
				CLANG_WARN_RANGE_LOOP_ANALYSIS = YES;
				CLANG_WARN_STRICT_PROTOTYPES = YES;
				CLANG_WARN_SUSPICIOUS_MOVE = YES;
				CLANG_WARN_UNGUARDED_AVAILABILITY = YES_AGGRESSIVE;
				CLANG_WARN_UNREACHABLE_CODE = YES;
				CLANG_WARN__DUPLICATE_METHOD_MATCH = YES;
				COPY_PHASE_STRIP = NO;
				DEAD_CODE_STRIPPING = YES;
				DEBUG_INFORMATION_FORMAT = dwarf;
				ENABLE_STRICT_OBJC_MSGSEND = YES;
				ENABLE_TESTABILITY = YES;
				GCC_C_LANGUAGE_STANDARD = gnu17;
				GCC_DYNAMIC_NO_PIC = NO;
				GCC_NO_COMMON_BLOCKS = YES;
				GCC_OPTIMIZATION_LEVEL = 0;
				GCC_PREPROCESSOR_DEFINITIONS = (
					"DEBUG=1",
					"$(inherited)",
				);
				GCC_WARN_64_TO_32_BIT_CONVERSION = YES;
				GCC_WARN_ABOUT_RETURN_TYPE = YES_ERROR;
				GCC_WARN_UNDECLARED_SELECTOR = YES;
				GCC_WARN_UNINITIALIZED_AUTOS = YES_AGGRESSIVE;
				GCC_WARN_UNUSED_FUNCTION = YES;
				GCC_WARN_UNUSED_VARIABLE = YES;
				LOCALIZATION_PREFERS_STRING_CATALOGS = YES;
				MACOSX_DEPLOYMENT_TARGET = 14.2;
				MTL_ENABLE_DEBUG_INFO = INCLUDE_SOURCE;
				MTL_FAST_MATH = YES;
				ONLY_ACTIVE_ARCH = YES;
				SDKROOT = macosx;
				SWIFT_ACTIVE_COMPILATION_CONDITIONS = "DEBUG $(inherited)";
				SWIFT_OPTIMIZATION_LEVEL = "-Onone";
			};
			name = Debug;
		};
		03EA685B2B9630D0003348BE /* Release */ = {
			isa = XCBuildConfiguration;
			buildSettings = {
				ALWAYS_SEARCH_USER_PATHS = NO;
				ARCHS = arm64;
				ASSETCATALOG_COMPILER_GENERATE_SWIFT_ASSET_SYMBOL_EXTENSIONS = YES;
				CLANG_ANALYZER_NONNULL = YES;
				CLANG_ANALYZER_NUMBER_OBJECT_CONVERSION = YES_AGGRESSIVE;
				CLANG_CXX_LANGUAGE_STANDARD = "gnu++20";
				CLANG_ENABLE_MODULES = YES;
				CLANG_ENABLE_OBJC_ARC = YES;
				CLANG_ENABLE_OBJC_WEAK = YES;
				CLANG_WARN_BLOCK_CAPTURE_AUTORELEASING = YES;
				CLANG_WARN_BOOL_CONVERSION = YES;
				CLANG_WARN_COMMA = YES;
				CLANG_WARN_CONSTANT_CONVERSION = YES;
				CLANG_WARN_DEPRECATED_OBJC_IMPLEMENTATIONS = YES;
				CLANG_WARN_DIRECT_OBJC_ISA_USAGE = YES_ERROR;
				CLANG_WARN_DOCUMENTATION_COMMENTS = YES;
				CLANG_WARN_EMPTY_BODY = YES;
				CLANG_WARN_ENUM_CONVERSION = YES;
				CLANG_WARN_INFINITE_RECURSION = YES;
				CLANG_WARN_INT_CONVERSION = YES;
				CLANG_WARN_NON_LITERAL_NULL_CONVERSION = YES;
				CLANG_WARN_OBJC_IMPLICIT_RETAIN_SELF = YES;
				CLANG_WARN_OBJC_LITERAL_CONVERSION = YES;
				CLANG_WARN_OBJC_ROOT_CLASS = YES_ERROR;
				CLANG_WARN_QUOTED_INCLUDE_IN_FRAMEWORK_HEADER = YES;
				CLANG_WARN_RANGE_LOOP_ANALYSIS = YES;
				CLANG_WARN_STRICT_PROTOTYPES = YES;
				CLANG_WARN_SUSPICIOUS_MOVE = YES;
				CLANG_WARN_UNGUARDED_AVAILABILITY = YES_AGGRESSIVE;
				CLANG_WARN_UNREACHABLE_CODE = YES;
				CLANG_WARN__DUPLICATE_METHOD_MATCH = YES;
				COPY_PHASE_STRIP = NO;
				DEAD_CODE_STRIPPING = YES;
				DEBUG_INFORMATION_FORMAT = "dwarf-with-dsym";
				ENABLE_NS_ASSERTIONS = NO;
				ENABLE_STRICT_OBJC_MSGSEND = YES;
				GCC_C_LANGUAGE_STANDARD = gnu17;
				GCC_NO_COMMON_BLOCKS = YES;
				GCC_WARN_64_TO_32_BIT_CONVERSION = YES;
				GCC_WARN_ABOUT_RETURN_TYPE = YES_ERROR;
				GCC_WARN_UNDECLARED_SELECTOR = YES;
				GCC_WARN_UNINITIALIZED_AUTOS = YES_AGGRESSIVE;
				GCC_WARN_UNUSED_FUNCTION = YES;
				GCC_WARN_UNUSED_VARIABLE = YES;
				LOCALIZATION_PREFERS_STRING_CATALOGS = YES;
				MACOSX_DEPLOYMENT_TARGET = 14.2;
				MTL_ENABLE_DEBUG_INFO = NO;
				MTL_FAST_MATH = YES;
				SDKROOT = macosx;
				SWIFT_COMPILATION_MODE = wholemodule;
			};
			name = Release;
		};
		03EA685D2B9630D0003348BE /* Debug */ = {
			isa = XCBuildConfiguration;
			buildSettings = {
				ASSETCATALOG_COMPILER_APPICON_NAME = AppIcon;
				ASSETCATALOG_COMPILER_GLOBAL_ACCENT_COLOR_NAME = AccentColor;
				CODE_SIGN_ENTITLEMENTS = "Front Row/FrontRow.entitlements";
				CODE_SIGN_STYLE = Automatic;
				COMBINE_HIDPI_IMAGES = YES;
				CURRENT_PROJECT_VERSION = 2.0;
				DEVELOPMENT_ASSET_PATHS = "\"Front Row/Preview Content\"";
				DEVELOPMENT_TEAM = TCQ6328PP6;
				ENABLE_HARDENED_RUNTIME = YES;
				ENABLE_PREVIEWS = YES;
				GENERATE_INFOPLIST_FILE = YES;
				INFOPLIST_FILE = FrontRowInfo.plist;
				INFOPLIST_KEY_LSApplicationCategoryType = "public.app-category.video";
				INFOPLIST_KEY_NSHumanReadableCopyright = "By Joshua Park";
				LD_RUNPATH_SEARCH_PATHS = (
					"$(inherited)",
					"@executable_path/../Frameworks",
				);
				MARKETING_VERSION = 2.0;
				PRODUCT_BUNDLE_IDENTIFIER = com.joshuapark.FrontRow;
				PRODUCT_NAME = "$(TARGET_NAME)";
				SWIFT_EMIT_LOC_STRINGS = YES;
				SWIFT_VERSION = 5.0;
			};
			name = Debug;
		};
		03EA685E2B9630D0003348BE /* Release */ = {
			isa = XCBuildConfiguration;
			buildSettings = {
				ASSETCATALOG_COMPILER_APPICON_NAME = AppIcon;
				ASSETCATALOG_COMPILER_GLOBAL_ACCENT_COLOR_NAME = AccentColor;
				CODE_SIGN_ENTITLEMENTS = "Front Row/FrontRow.entitlements";
				CODE_SIGN_STYLE = Automatic;
				COMBINE_HIDPI_IMAGES = YES;
				CURRENT_PROJECT_VERSION = 2.0;
				DEVELOPMENT_ASSET_PATHS = "\"Front Row/Preview Content\"";
				DEVELOPMENT_TEAM = TCQ6328PP6;
				ENABLE_HARDENED_RUNTIME = YES;
				ENABLE_PREVIEWS = YES;
				GENERATE_INFOPLIST_FILE = YES;
				INFOPLIST_FILE = FrontRowInfo.plist;
				INFOPLIST_KEY_LSApplicationCategoryType = "public.app-category.video";
				INFOPLIST_KEY_NSHumanReadableCopyright = "By Joshua Park";
				LD_RUNPATH_SEARCH_PATHS = (
					"$(inherited)",
					"@executable_path/../Frameworks",
				);
				MARKETING_VERSION = 2.0;
				PRODUCT_BUNDLE_IDENTIFIER = com.joshuapark.FrontRow;
				PRODUCT_NAME = "$(TARGET_NAME)";
				SWIFT_EMIT_LOC_STRINGS = YES;
				SWIFT_VERSION = 5.0;
			};
			name = Release;
		};
/* End XCBuildConfiguration section */

/* Begin XCConfigurationList section */
		03EA68482B9630CF003348BE /* Build configuration list for PBXProject "Front Row" */ = {
			isa = XCConfigurationList;
			buildConfigurations = (
				03EA685A2B9630D0003348BE /* Debug */,
				03EA685B2B9630D0003348BE /* Release */,
			);
			defaultConfigurationIsVisible = 0;
			defaultConfigurationName = Release;
		};
		03EA685C2B9630D0003348BE /* Build configuration list for PBXNativeTarget "Front Row" */ = {
			isa = XCConfigurationList;
			buildConfigurations = (
				03EA685D2B9630D0003348BE /* Debug */,
				03EA685E2B9630D0003348BE /* Release */,
			);
			defaultConfigurationIsVisible = 0;
			defaultConfigurationName = Release;
		};
/* End XCConfigurationList section */
	};
	rootObject = 03EA68452B9630CF003348BE /* Project object */;
}
